
Microsoft Visual Studio Solution File, Format Version 12.00
# Visual Studio Version 16
VisualStudioVersion = 16.0.808.4
MinimumVisualStudioVersion = 10.0.40219.1
Project("{FAE04EC0-301F-11D3-BF4B-00C04F79EFBC}") = "Opdracht1_1", "Opdracht1_1\Opdracht1_1.csproj", "{EB9A3964-E90A-4C80-84CA-076C41947DAE}"
EndProject
Global
	GlobalSection(SolutionConfigurationPlatforms) = preSolution
		Debug|Any CPU = Debug|Any CPU
		Release|Any CPU = Release|Any CPU
	EndGlobalSection
	GlobalSection(ProjectConfigurationPlatforms) = postSolution
		{EB9A3964-E90A-4C80-84CA-076C41947DAE}.Debug|Any CPU.ActiveCfg = Debug|Any CPU
		{EB9A3964-E90A-4C80-84CA-076C41947DAE}.Debug|Any CPU.Build.0 = Debug|Any CPU
		{EB9A3964-E90A-4C80-84CA-076C41947DAE}.Release|Any CPU.ActiveCfg = Release|Any CPU
		{EB9A3964-E90A-4C80-84CA-076C41947DAE}.Release|Any CPU.Build.0 = Release|Any CPU
	EndGlobalSection
	GlobalSection(SolutionProperties) = preSolution
		HideSolutionNode = FALSE
	EndGlobalSection
	GlobalSection(ExtensibilityGlobals) = postSolution
		SolutionGuid = {BA97CBA4-8941-4395-ADE5-4BF834046C8C}
	EndGlobalSection
EndGlobal
